// !$*UTF8*$!
{
	archiveVersion = 1;
	classes = {
	};
	objectVersion = 56;
	objects = {

/* Begin PBXBuildFile section */
		CC000000000000000000001 /* VaneApp.swift in Sources */ = {isa = PBXBuildFile; fileRef = CC000000000000000000010 /* VaneApp.swift */; };
		CC000000000000000000002 /* ContentView.swift in Sources */ = {isa = PBXBuildFile; fileRef = CC000000000000000000011 /* ContentView.swift */; };
		CC000000000000000000003 /* Assets.xcassets in Resources */ = {isa = PBXBuildFile; fileRef = CC000000000000000000012 /* Assets.xcassets */; };
		CC000000000000000000004 /* SearchViewModel.swift in Sources */ = {isa = PBXBuildFile; fileRef = CC000000000000000000013 /* SearchViewModel.swift */; };
/* End PBXBuildFile section */

/* Begin PBXFileReference section */
		CC000000000000000000009 /* Vane.app */ = {isa = PBXFileReference; explicitFileType = wrapper.application; includeInIndex = 0; path = Vane.app; sourceTree = BUILT_PRODUCTS_DIR; };
		CC000000000000000000010 /* VaneApp.swift */ = {isa = PBXFileReference; lastKnownFileType = sourcecode.swift; path = VaneApp.swift; sourceTree = "<group>"; };
		CC000000000000000000011 /* ContentView.swift */ = {isa = PBXFileReference; lastKnownFileType = sourcecode.swift; path = ContentView.swift; sourceTree = "<group>"; };
		CC000000000000000000012 /* Assets.xcassets */ = {isa = PBXFileReference; lastKnownFileType = folder.assetcatalog; path = Assets.xcassets; sourceTree = "<group>"; };
		CC000000000000000000013 /* SearchViewModel.swift */ = {isa = PBXFileReference; lastKnownFileType = sourcecode.swift; path = SearchViewModel.swift; sourceTree = "<group>"; };
		CC000000000000000000014 /* Info.plist */ = {isa = PBXFileReference; lastKnownFileType = text.plist.xml; path = Info.plist; sourceTree = "<group>"; };
/* End PBXFileReference section */

/* Begin PBXFrameworksBuildPhase section */
		CC000000000000000000020 /* Frameworks */ = {
			isa = PBXFrameworksBuildPhase;
			buildActionMask = 2147483647;
			files = (
			);
			runOnlyForDeploymentPostprocessing = 0;
		};
/* End PBXFrameworksBuildPhase section */

/* Begin PBXGroup section */
		CC000000000000000000030 = {
			isa = PBXGroup;
			children = (
				CC000000000000000000031 /* Vane */,
				CC000000000000000000032 /* Products */,
			);
			sourceTree = "<group>";
		};
		CC000000000000000000031 /* Vane */ = {
			isa = PBXGroup;
			children = (
				CC000000000000000000010 /* VaneApp.swift */,
				CC000000000000000000011 /* ContentView.swift */,
				CC000000000000000000013 /* SearchViewModel.swift */,
				CC000000000000000000012 /* Assets.xcassets */,
				CC000000000000000000014 /* Info.plist */,
			);
			path = Vane;
			sourceTree = "<group>";
		};
		CC000000000000000000032 /* Products */ = {
			isa = PBXGroup;
			children = (
				CC000000000000000000009 /* Vane.app */,
			);
			name = Products;
			sourceTree = "<group>";
		};
/* End PBXGroup section */

/* Begin PBXNativeTarget section */
		CC000000000000000000040 /* Vane */ = {
			isa = PBXNativeTarget;
			buildConfigurationList = CC000000000000000000050 /* Build configuration list for PBXNativeTarget "Vane" */;
			buildPhases = (
				CC000000000000000000021 /* Sources */,
				CC000000000000000000020 /* Frameworks */,
				CC000000000000000000022 /* Resources */,
			);
			buildRules = (
			);
			dependencies = (
			);
			name = Vane;
			productName = Vane;
			productReference = CC000000000000000000009 /* Vane.app */;
			productType = "com.apple.product-type.application";
		};
/* End PBXNativeTarget section */

/* Begin PBXProject section */
		CC000000000000000000060 /* Project object */ = {
			isa = PBXProject;
			attributes = {
				BuildIndependentTargetsInParallel = 1;
				LastSwiftUpdateCheck = 1620;
				LastUpgradeCheck = 1620;
				TargetAttributes = {
					CC000000000000000000040 = {
						CreatedOnToolsVersion = 16.2;
					};
				};
			};
			buildConfigurationList = CC000000000000000000051 /* Build configuration list for PBXProject "Vane" */;
			compatibilityVersion = "Xcode 14.0";
			developmentRegion = en;
			hasScannedForEncodings = 0;
			knownRegions = (
				en,
				Base,
			);
			mainGroup = CC000000000000000000030;
			productRefGroup = CC000000000000000000032 /* Products */;
			projectDirPath = "";
			projectRoot = "";
			targets = (
				CC000000000000000000040 /* Vane */,
			);
		};
/* End PBXProject section */

/* Begin PBXResourcesBuildPhase section */
		CC000000000000000000022 /* Resources */ = {
			isa = PBXResourcesBuildPhase;
			buildActionMask = 2147483647;
			files = (
				CC000000000000000000003 /* Assets.xcassets in Resources */,
			);
			runOnlyForDeploymentPostprocessing = 0;
		};
/* End PBXResourcesBuildPhase section */

/* Begin PBXSourcesBuildPhase section */
		CC000000000000000000021 /* Sources */ = {
			isa = PBXSourcesBuildPhase;
			buildActionMask = 2147483647;
			files = (
				CC000000000000000000001 /* VaneApp.swift in Sources */,
				CC000000000000000000002 /* ContentView.swift in Sources */,
				CC000000000000000000004 /* SearchViewModel.swift in Sources */,
			);
			runOnlyForDeploymentPostprocessing = 0;
		};
/* End PBXSourcesBuildPhase section */

/* Begin XCBuildConfiguration section */
		CC000000000000000000070 /* Debug */ = {
			isa = XCBuildConfiguration;
			buildSettings = {
				ALWAYS_SEARCH_USER_PATHS = NO;
				CLANG_ENABLE_MODULES = YES;
				CLANG_ENABLE_OBJC_ARC = YES;
				COPY_PHASE_STRIP = NO;
				DEBUG_INFORMATION_FORMAT = dwarf;
				GCC_OPTIMIZATION_LEVEL = 0;
				GCC_PREPROCESSOR_DEFINITIONS = (
					"DEBUG=1",
					"$(inherited)",
				);
				IPHONEOS_DEPLOYMENT_TARGET = 17.0;
				MTL_ENABLE_DEBUG_INFO = INCLUDE_SOURCE;
				ONLY_ACTIVE_ARCH = YES;
				SDKROOT = iphoneos;
				SWIFT_ACTIVE_COMPILATION_CONDITIONS = "DEBUG $(inherited)";
				SWIFT_OPTIMIZATION_LEVEL = "-Onone";
			};
			name = Debug;
		};
		CC000000000000000000071 /* Release */ = {
			isa = XCBuildConfiguration;
			buildSettings = {
				ALWAYS_SEARCH_USER_PATHS = NO;
				CLANG_ENABLE_MODULES = YES;
				CLANG_ENABLE_OBJC_ARC = YES;
				COPY_PHASE_STRIP = NO;
				DEBUG_INFORMATION_FORMAT = "dwarf-with-dsym";
				ENABLE_NS_ASSERTIONS = NO;
				IPHONEOS_DEPLOYMENT_TARGET = 17.0;
				SDKROOT = iphoneos;
				SWIFT_COMPILATION_MODE = wholemodule;
			};
			name = Release;
		};
		CC000000000000000000072 /* Debug */ = {
			isa = XCBuildConfiguration;
			buildSettings = {
				ASSETCATALOG_COMPILER_APPICON_NAME = AppIcon;
				ASSETCATALOG_COMPILER_GLOBAL_ACCENT_COLOR_NAME = AccentColor;
				CODE_SIGN_STYLE = Automatic;
				CURRENT_PROJECT_VERSION = 1;
				DEVELOPMENT_TEAM = 6ABSZ3A6F2;
				GENERATE_INFOPLIST_FILE = NO;
				INFOPLIST_FILE = Vane/Info.plist;
				LD_RUNPATH_SEARCH_PATHS = (
					"$(inherited)",
					"@executable_path/Frameworks",
				);
				MARKETING_VERSION = 1.0;
				PRODUCT_BUNDLE_IDENTIFIER = com.stacknest.vane;
				PRODUCT_NAME = "$(TARGET_NAME)";
				SWIFT_EMIT_LOC_STRINGS = YES;
				SWIFT_VERSION = 5.0;
				TARGETED_DEVICE_FAMILY = "1,2";
			};
			name = Debug;
		};
		CC000000000000000000073 /* Release */ = {
			isa = XCBuildConfiguration;
			buildSettings = {
				ASSETCATALOG_COMPILER_APPICON_NAME = AppIcon;
				ASSETCATALOG_COMPILER_GLOBAL_ACCENT_COLOR_NAME = AccentColor;
				CODE_SIGN_STYLE = Automatic;
				CURRENT_PROJECT_VERSION = 1;
				DEVELOPMENT_TEAM = 6ABSZ3A6F2;
				GENERATE_INFOPLIST_FILE = NO;
				INFOPLIST_FILE = Vane/Info.plist;
				LD_RUNPATH_SEARCH_PATHS = (
					"$(inherited)",
					"@executable_path/Frameworks",
				);
				MARKETING_VERSION = 1.0;
				PRODUCT_BUNDLE_IDENTIFIER = com.stacknest.vane;
				PRODUCT_NAME = "$(TARGET_NAME)";
				SWIFT_EMIT_LOC_STRINGS = YES;
				SWIFT_VERSION = 5.0;
				TARGETED_DEVICE_FAMILY = "1,2";
			};
			name = Release;
		};
/* End XCBuildConfiguration section */

/* Begin XCConfigurationList section */
		CC000000000000000000050 /* Build configuration list for PBXNativeTarget "Vane" */ = {
			isa = XCConfigurationList;
			buildConfigurations = (
				CC000000000000000000072 /* Debug */,
				CC000000000000000000073 /* Release */,
			);
			defaultConfigurationIsVisible = 0;
			defaultConfigurationName = Release;
		};
		CC000000000000000000051 /* Build configuration list for PBXProject "Vane" */ = {
			isa = XCConfigurationList;
			buildConfigurations = (
				CC000000000000000000070 /* Debug */,
				CC000000000000000000071 /* Release */,
			);
			defaultConfigurationIsVisible = 0;
			defaultConfigurationName = Release;
		};
/* End XCConfigurationList section */
	};
	rootObject = CC000000000000000000060 /* Project object */;
}
